
Microsoft Visual Studio Solution File, Format Version 12.00
# Visual Studio Version 17
VisualStudioVersion = 17.0.31903.59
MinimumVisualStudioVersion = 10.0.40219.1
Project("{2150E333-8FDC-42A3-9474-1A3956D46DE8}") = "src", "src", "{BD5A04DA-79F9-4FDD-8A1C-29DA23182AA0}"
EndProject
Project("{FAE04EC0-301F-11D3-BF4B-00C04F79EFBC}") = "AuctionService", "src\AuctionService\AuctionService.csproj", "{AA3B9C32-7F81-48E4-A802-AF1681C13D2D}"
EndProject
Project("{FAE04EC0-301F-11D3-BF4B-00C04F79EFBC}") = "SearchService", "src\SearchService\SearchService.csproj", "{785155A1-4F6A-4C1A-829B-8AC914988061}"
EndProject
Project("{FAE04EC0-301F-11D3-BF4B-00C04F79EFBC}") = "Contracts", "src\Contracts\Contracts.csproj", "{103F33AD-A69B-46F6-B477-2971DDFEC455}"
EndProject
Project("{FAE04EC0-301F-11D3-BF4B-00C04F79EFBC}") = "IdentityService", "src\IdentityService\IdentityService.csproj", "{D1CBA4D4-E869-444E-92FF-55BD7E646C79}"
EndProject
Project("{FAE04EC0-301F-11D3-BF4B-00C04F79EFBC}") = "GatewayService", "src\GatewayService\GatewayService.csproj", "{7F205FA7-CF9B-4244-9A52-38F137E9C75C}"
EndProject
Project("{FAE04EC0-301F-11D3-BF4B-00C04F79EFBC}") = "BiddingService", "src\BiddingService\BiddingService.csproj", "{9ED79C00-0ACA-45E4-BFC5-DDAA7BFCCB90}"
EndProject
Project("{FAE04EC0-301F-11D3-BF4B-00C04F79EFBC}") = "NotificationService", "src\NotificationService\NotificationService.csproj", "{5B30C26E-E1D2-448B-B6AA-C33DC13A7C3A}"
EndProject
Global
	GlobalSection(SolutionConfigurationPlatforms) = preSolution
		Debug|Any CPU = Debug|Any CPU
		Release|Any CPU = Release|Any CPU
	EndGlobalSection
	GlobalSection(SolutionProperties) = preSolution
		HideSolutionNode = FALSE
	EndGlobalSection
	GlobalSection(ProjectConfigurationPlatforms) = postSolution
		{AA3B9C32-7F81-48E4-A802-AF1681C13D2D}.Debug|Any CPU.ActiveCfg = Debug|Any CPU
		{AA3B9C32-7F81-48E4-A802-AF1681C13D2D}.Debug|Any CPU.Build.0 = Debug|Any CPU
		{AA3B9C32-7F81-48E4-A802-AF1681C13D2D}.Release|Any CPU.ActiveCfg = Release|Any CPU
		{AA3B9C32-7F81-48E4-A802-AF1681C13D2D}.Release|Any CPU.Build.0 = Release|Any CPU
		{785155A1-4F6A-4C1A-829B-8AC914988061}.Debug|Any CPU.ActiveCfg = Debug|Any CPU
		{785155A1-4F6A-4C1A-829B-8AC914988061}.Debug|Any CPU.Build.0 = Debug|Any CPU
		{785155A1-4F6A-4C1A-829B-8AC914988061}.Release|Any CPU.ActiveCfg = Release|Any CPU
		{785155A1-4F6A-4C1A-829B-8AC914988061}.Release|Any CPU.Build.0 = Release|Any CPU
		{103F33AD-A69B-46F6-B477-2971DDFEC455}.Debug|Any CPU.ActiveCfg = Debug|Any CPU
		{103F33AD-A69B-46F6-B477-2971DDFEC455}.Debug|Any CPU.Build.0 = Debug|Any CPU
		{103F33AD-A69B-46F6-B477-2971DDFEC455}.Release|Any CPU.ActiveCfg = Release|Any CPU
		{103F33AD-A69B-46F6-B477-2971DDFEC455}.Release|Any CPU.Build.0 = Release|Any CPU
		{D1CBA4D4-E869-444E-92FF-55BD7E646C79}.Debug|Any CPU.ActiveCfg = Debug|Any CPU
		{D1CBA4D4-E869-444E-92FF-55BD7E646C79}.Debug|Any CPU.Build.0 = Debug|Any CPU
		{D1CBA4D4-E869-444E-92FF-55BD7E646C79}.Release|Any CPU.ActiveCfg = Release|Any CPU
		{D1CBA4D4-E869-444E-92FF-55BD7E646C79}.Release|Any CPU.Build.0 = Release|Any CPU
		{7F205FA7-CF9B-4244-9A52-38F137E9C75C}.Debug|Any CPU.ActiveCfg = Debug|Any CPU
		{7F205FA7-CF9B-4244-9A52-38F137E9C75C}.Debug|Any CPU.Build.0 = Debug|Any CPU
		{7F205FA7-CF9B-4244-9A52-38F137E9C75C}.Release|Any CPU.ActiveCfg = Release|Any CPU
		{7F205FA7-CF9B-4244-9A52-38F137E9C75C}.Release|Any CPU.Build.0 = Release|Any CPU
		{9ED79C00-0ACA-45E4-BFC5-DDAA7BFCCB90}.Debug|Any CPU.ActiveCfg = Debug|Any CPU
		{9ED79C00-0ACA-45E4-BFC5-DDAA7BFCCB90}.Debug|Any CPU.Build.0 = Debug|Any CPU
		{9ED79C00-0ACA-45E4-BFC5-DDAA7BFCCB90}.Release|Any CPU.ActiveCfg = Release|Any CPU
		{9ED79C00-0ACA-45E4-BFC5-DDAA7BFCCB90}.Release|Any CPU.Build.0 = Release|Any CPU
		{5B30C26E-E1D2-448B-B6AA-C33DC13A7C3A}.Debug|Any CPU.ActiveCfg = Debug|Any CPU
		{5B30C26E-E1D2-448B-B6AA-C33DC13A7C3A}.Debug|Any CPU.Build.0 = Debug|Any CPU
		{5B30C26E-E1D2-448B-B6AA-C33DC13A7C3A}.Release|Any CPU.ActiveCfg = Release|Any CPU
		{5B30C26E-E1D2-448B-B6AA-C33DC13A7C3A}.Release|Any CPU.Build.0 = Release|Any CPU
	EndGlobalSection
	GlobalSection(NestedProjects) = preSolution
		{AA3B9C32-7F81-48E4-A802-AF1681C13D2D} = {BD5A04DA-79F9-4FDD-8A1C-29DA23182AA0}
		{785155A1-4F6A-4C1A-829B-8AC914988061} = {BD5A04DA-79F9-4FDD-8A1C-29DA23182AA0}
		{103F33AD-A69B-46F6-B477-2971DDFEC455} = {BD5A04DA-79F9-4FDD-8A1C-29DA23182AA0}
		{D1CBA4D4-E869-444E-92FF-55BD7E646C79} = {BD5A04DA-79F9-4FDD-8A1C-29DA23182AA0}
		{7F205FA7-CF9B-4244-9A52-38F137E9C75C} = {BD5A04DA-79F9-4FDD-8A1C-29DA23182AA0}
		{9ED79C00-0ACA-45E4-BFC5-DDAA7BFCCB90} = {BD5A04DA-79F9-4FDD-8A1C-29DA23182AA0}
		{5B30C26E-E1D2-448B-B6AA-C33DC13A7C3A} = {BD5A04DA-79F9-4FDD-8A1C-29DA23182AA0}
	EndGlobalSection
EndGlobal
